{"is_source_file": false, "format": "", "description": "", "external_files": [], "external_methods": [], "published": [], "classes": [], "methods": [], "calls": [], "search-terms": [], "state": 2, "file_id": 17, "knowledge_revision": 36, "git_revision": "08ee2f72b78be3af34098e83a1482bd20b8661c6", "hash": "9c4ed7ef73e22b872b8055bec08b8979", "format-version": 4, "code-base-name": "web_frontend", "filename": "web_frontend/post_process_status.lock", "revision_history": [{"36": "08ee2f72b78be3af34098e83a1482bd20b8661c6"}]}